// !$*UTF8*$!
{
	archiveVersion = 1;
	classes = {
	};
	objectVersion = 46;
	objects = {

/* Begin PBXBuildFile section */
		1B71520667FF4452B92FDEA5 /* libPods-LeFigaro.a in Frameworks */ = {isa = PBXBuildFile; fileRef = 89D5AB91F0BB49F0BEC406BC /* libPods-LeFigaro.a */; };
		2376301419CEDCBE0022F349 /* ANArticleCell.m in Sources */ = {isa = PBXBuildFile; fileRef = 2376300E19CEDCBE0022F349 /* ANArticleCell.m */; };
		2376301519CEDCBE0022F349 /* ANArticleCell.xib in Resources */ = {isa = PBXBuildFile; fileRef = 2376300F19CEDCBE0022F349 /* ANArticleCell.xib */; };
		2376301619CEDCBE0022F349 /* ANCategoryViewCell.m in Sources */ = {isa = PBXBuildFile; fileRef = 2376301219CEDCBE0022F349 /* ANCategoryViewCell.m */; };
		2376301719CEDCBE0022F349 /* ANCategoryViewCell.xib in Resources */ = {isa = PBXBuildFile; fileRef = 2376301319CEDCBE0022F349 /* ANCategoryViewCell.xib */; };
		2376302019CEF29F0022F349 /* ANHomeViewController.m in Sources */ = {isa = PBXBuildFile; fileRef = 2376301F19CEF29F0022F349 /* ANHomeViewController.m */; };
		2376302A19CEF31E0022F349 /* ANArticlesViewController.m in Sources */ = {isa = PBXBuildFile; fileRef = 2376302819CEF31E0022F349 /* ANArticlesViewController.m */; };
		2376302F19CEF5320022F349 /* ANArticlesViewController.storyboard in Resources */ = {isa = PBXBuildFile; fileRef = 2376302E19CEF5320022F349 /* ANArticlesViewController.storyboard */; };
		2376303919CF04290022F349 /* ANArticleViewCell.m in Sources */ = {isa = PBXBuildFile; fileRef = 2376303719CF04290022F349 /* ANArticleViewCell.m */; };
		2376303A19CF04290022F349 /* ANArticleViewCell.xib in Resources */ = {isa = PBXBuildFile; fileRef = 2376303819CF04290022F349 /* ANArticleViewCell.xib */; };
		2376304819CF53A00022F349 /* ANHomeViewController.storyboard in Resources */ = {isa = PBXBuildFile; fileRef = 2376304719CF53A00022F349 /* ANHomeViewController.storyboard */; };
		2376304B19CF5D0F0022F349 /* ANViewController.m in Sources */ = {isa = PBXBuildFile; fileRef = 2376304A19CF5D0F0022F349 /* ANViewController.m */; };
		2376304E19CF603D0022F349 /* ANPageViewController.m in Sources */ = {isa = PBXBuildFile; fileRef = 2376304D19CF603D0022F349 /* ANPageViewController.m */; };
		2376305119CF679B0022F349 /* ANArticleHtmlGenerator.m in Sources */ = {isa = PBXBuildFile; fileRef = 2376305019CF679B0022F349 /* ANArticleHtmlGenerator.m */; };
		2376305819CF695C0022F349 /* ANSubCategory.m in Sources */ = {isa = PBXBuildFile; fileRef = 2376305419CF695C0022F349 /* ANSubCategory.m */; };
		2376305919CF695C0022F349 /* ANArticle.m in Sources */ = {isa = PBXBuildFile; fileRef = 2376305719CF695C0022F349 /* ANArticle.m */; };
		239CCE9519C435FB000FD520 /* Foundation.framework in Frameworks */ = {isa = PBXBuildFile; fileRef = 239CCE9419C435FB000FD520 /* Foundation.framework */; };
		239CCE9719C435FB000FD520 /* CoreGraphics.framework in Frameworks */ = {isa = PBXBuildFile; fileRef = 239CCE9619C435FB000FD520 /* CoreGraphics.framework */; };
		239CCE9919C435FB000FD520 /* UIKit.framework in Frameworks */ = {isa = PBXBuildFile; fileRef = 239CCE9819C435FB000FD520 /* UIKit.framework */; };
		239CCE9F19C435FB000FD520 /* InfoPlist.strings in Resources */ = {isa = PBXBuildFile; fileRef = 239CCE9D19C435FB000FD520 /* InfoPlist.strings */; };
		239CCEA119C435FB000FD520 /* main.m in Sources */ = {isa = PBXBuildFile; fileRef = 239CCEA019C435FB000FD520 /* main.m */; };
		239CCEAD19C435FB000FD520 /* Images.xcassets in Resources */ = {isa = PBXBuildFile; fileRef = 239CCEAC19C435FB000FD520 /* Images.xcassets */; };
		239CCEB419C435FB000FD520 /* XCTest.framework in Frameworks */ = {isa = PBXBuildFile; fileRef = 239CCEB319C435FB000FD520 /* XCTest.framework */; };
		239CCEB519C435FB000FD520 /* Foundation.framework in Frameworks */ = {isa = PBXBuildFile; fileRef = 239CCE9419C435FB000FD520 /* Foundation.framework */; };
		239CCEB619C435FB000FD520 /* UIKit.framework in Frameworks */ = {isa = PBXBuildFile; fileRef = 239CCE9819C435FB000FD520 /* UIKit.framework */; };
		239CCEBE19C435FB000FD520 /* InfoPlist.strings in Resources */ = {isa = PBXBuildFile; fileRef = 239CCEBC19C435FB000FD520 /* InfoPlist.strings */; };
		239CCEC019C435FB000FD520 /* LeFigaroTests.m in Sources */ = {isa = PBXBuildFile; fileRef = 239CCEBF19C435FB000FD520 /* LeFigaroTests.m */; };
		239CCED619C437B3000FD520 /* ANCategory.m in Sources */ = {isa = PBXBuildFile; fileRef = 239CCED019C437B3000FD520 /* ANCategory.m */; };
		239CCEDB19C43806000FD520 /* ANAppDelegate.m in Sources */ = {isa = PBXBuildFile; fileRef = 239CCEDA19C43806000FD520 /* ANAppDelegate.m */; };
		239CCEDF19C43967000FD520 /* ANApiClient.m in Sources */ = {isa = PBXBuildFile; fileRef = 239CCEDE19C43967000FD520 /* ANApiClient.m */; };
		239CCEE519C43E71000FD520 /* ANActivityIndicatorView.xib in Resources */ = {isa = PBXBuildFile; fileRef = 239CCEE419C43E71000FD520 /* ANActivityIndicatorView.xib */; };
		5E0C340BBDDB43A9B053B22C /* libPods-LeFigaro.a in Frameworks */ = {isa = PBXBuildFile; fileRef = 89D5AB91F0BB49F0BEC406BC /* libPods-LeFigaro.a */; };
/* End PBXBuildFile section */

/* Begin PBXContainerItemProxy section */
		239CCEB719C435FB000FD520 /* PBXContainerItemProxy */ = {
			isa = PBXContainerItemProxy;
			containerPortal = 239CCE8919C435FB000FD520 /* Project object */;
			proxyType = 1;
			remoteGlobalIDString = 239CCE9019C435FB000FD520;
			remoteInfo = LeFigaro;
		};
/* End PBXContainerItemProxy section */

/* Begin PBXFileReference section */
		2376300D19CEDCBE0022F349 /* ANArticleCell.h */ = {isa = PBXFileReference; fileEncoding = 4; lastKnownFileType = sourcecode.c.h; path = ANArticleCell.h; sourceTree = "<group>"; };
		2376300E19CEDCBE0022F349 /* ANArticleCell.m */ = {isa = PBXFileReference; fileEncoding = 4; lastKnownFileType = sourcecode.c.objc; path = ANArticleCell.m; sourceTree = "<group>"; };
		2376300F19CEDCBE0022F349 /* ANArticleCell.xib */ = {isa = PBXFileReference; fileEncoding = 4; lastKnownFileType = file.xib; path = ANArticleCell.xib; sourceTree = "<group>"; };
		2376301119CEDCBE0022F349 /* ANCategoryViewCell.h */ = {isa = PBXFileReference; fileEncoding = 4; lastKnownFileType = sourcecode.c.h; path = ANCategoryViewCell.h; sourceTree = "<group>"; };
		2376301219CEDCBE0022F349 /* ANCategoryViewCell.m */ = {isa = PBXFileReference; fileEncoding = 4; lastKnownFileType = sourcecode.c.objc; path = ANCategoryViewCell.m; sourceTree = "<group>"; };
		2376301319CEDCBE0022F349 /* ANCategoryViewCell.xib */ = {isa = PBXFileReference; fileEncoding = 4; lastKnownFileType = file.xib; path = ANCategoryViewCell.xib; sourceTree = "<group>"; };
		2376301E19CEF29F0022F349 /* ANHomeViewController.h */ = {isa = PBXFileReference; fileEncoding = 4; lastKnownFileType = sourcecode.c.h; path = ANHomeViewController.h; sourceTree = "<group>"; };
		2376301F19CEF29F0022F349 /* ANHomeViewController.m */ = {isa = PBXFileReference; fileEncoding = 4; lastKnownFileType = sourcecode.c.objc; path = ANHomeViewController.m; sourceTree = "<group>"; };
		2376302719CEF31E0022F349 /* ANArticlesViewController.h */ = {isa = PBXFileReference; fileEncoding = 4; lastKnownFileType = sourcecode.c.h; path = ANArticlesViewController.h; sourceTree = "<group>"; };
		2376302819CEF31E0022F349 /* ANArticlesViewController.m */ = {isa = PBXFileReference; fileEncoding = 4; lastKnownFileType = sourcecode.c.objc; path = ANArticlesViewController.m; sourceTree = "<group>"; };
		2376302E19CEF5320022F349 /* ANArticlesViewController.storyboard */ = {isa = PBXFileReference; fileEncoding = 4; lastKnownFileType = file.storyboard; path = ANArticlesViewController.storyboard; sourceTree = "<group>"; };
		2376303619CF04290022F349 /* ANArticleViewCell.h */ = {isa = PBXFileReference; fileEncoding = 4; lastKnownFileType = sourcecode.c.h; path = ANArticleViewCell.h; sourceTree = "<group>"; };
		2376303719CF04290022F349 /* ANArticleViewCell.m */ = {isa = PBXFileReference; fileEncoding = 4; lastKnownFileType = sourcecode.c.objc; path = ANArticleViewCell.m; sourceTree = "<group>"; };
		2376303819CF04290022F349 /* ANArticleViewCell.xib */ = {isa = PBXFileReference; fileEncoding = 4; lastKnownFileType = file.xib; path = ANArticleViewCell.xib; sourceTree = "<group>"; };
		2376304719CF53A00022F349 /* ANHomeViewController.storyboard */ = {isa = PBXFileReference; fileEncoding = 4; lastKnownFileType = file.storyboard; path = ANHomeViewController.storyboard; sourceTree = "<group>"; };
		2376304919CF5D0F0022F349 /* ANViewController.h */ = {isa = PBXFileReference; fileEncoding = 4; lastKnownFileType = sourcecode.c.h; path = ANViewController.h; sourceTree = "<group>"; };
		2376304A19CF5D0F0022F349 /* ANViewController.m */ = {isa = PBXFileReference; fileEncoding = 4; lastKnownFileType = sourcecode.c.objc; path = ANViewController.m; sourceTree = "<group>"; };
		2376304C19CF603D0022F349 /* ANPageViewController.h */ = {isa = PBXFileReference; fileEncoding = 4; lastKnownFileType = sourcecode.c.h; path = ANPageViewController.h; sourceTree = "<group>"; };
		2376304D19CF603D0022F349 /* ANPageViewController.m */ = {isa = PBXFileReference; fileEncoding = 4; lastKnownFileType = sourcecode.c.objc; path = ANPageViewController.m; sourceTree = "<group>"; };
		2376304F19CF679B0022F349 /* ANArticleHtmlGenerator.h */ = {isa = PBXFileReference; fileEncoding = 4; lastKnownFileType = sourcecode.c.h; path = ANArticleHtmlGenerator.h; sourceTree = "<group>"; };
		2376305019CF679B0022F349 /* ANArticleHtmlGenerator.m */ = {isa = PBXFileReference; fileEncoding = 4; lastKnownFileType = sourcecode.c.objc; path = ANArticleHtmlGenerator.m; sourceTree = "<group>"; };
		2376305319CF695C0022F349 /* ANSubCategory.h */ = {isa = PBXFileReference; fileEncoding = 4; lastKnownFileType = sourcecode.c.h; path = ANSubCategory.h; sourceTree = "<group>"; };
		2376305419CF695C0022F349 /* ANSubCategory.m */ = {isa = PBXFileReference; fileEncoding = 4; lastKnownFileType = sourcecode.c.objc; path = ANSubCategory.m; sourceTree = "<group>"; };
		2376305619CF695C0022F349 /* ANArticle.h */ = {isa = PBXFileReference; fileEncoding = 4; lastKnownFileType = sourcecode.c.h; path = ANArticle.h; sourceTree = "<group>"; };
		2376305719CF695C0022F349 /* ANArticle.m */ = {isa = PBXFileReference; fileEncoding = 4; lastKnownFileType = sourcecode.c.objc; path = ANArticle.m; sourceTree = "<group>"; };
		239CCE9119C435FB000FD520 /* LeFigaro.app */ = {isa = PBXFileReference; explicitFileType = wrapper.application; includeInIndex = 0; path = LeFigaro.app; sourceTree = BUILT_PRODUCTS_DIR; };
		239CCE9419C435FB000FD520 /* Foundation.framework */ = {isa = PBXFileReference; lastKnownFileType = wrapper.framework; name = Foundation.framework; path = System/Library/Frameworks/Foundation.framework; sourceTree = SDKROOT; };
		239CCE9619C435FB000FD520 /* CoreGraphics.framework */ = {isa = PBXFileReference; lastKnownFileType = wrapper.framework; name = CoreGraphics.framework; path = System/Library/Frameworks/CoreGraphics.framework; sourceTree = SDKROOT; };
		239CCE9819C435FB000FD520 /* UIKit.framework */ = {isa = PBXFileReference; lastKnownFileType = wrapper.framework; name = UIKit.framework; path = System/Library/Frameworks/UIKit.framework; sourceTree = SDKROOT; };
		239CCE9C19C435FB000FD520 /* LeFigaro-Info.plist */ = {isa = PBXFileReference; lastKnownFileType = text.plist.xml; path = "LeFigaro-Info.plist"; sourceTree = "<group>"; };
		239CCE9E19C435FB000FD520 /* en */ = {isa = PBXFileReference; lastKnownFileType = text.plist.strings; name = en; path = en.lproj/InfoPlist.strings; sourceTree = "<group>"; };
		239CCEA019C435FB000FD520 /* main.m */ = {isa = PBXFileReference; lastKnownFileType = sourcecode.c.objc; path = main.m; sourceTree = "<group>"; };
		239CCEA219C435FB000FD520 /* LeFigaro-Prefix.pch */ = {isa = PBXFileReference; lastKnownFileType = sourcecode.c.h; path = "LeFigaro-Prefix.pch"; sourceTree = "<group>"; };
		239CCEAC19C435FB000FD520 /* Images.xcassets */ = {isa = PBXFileReference; lastKnownFileType = folder.assetcatalog; path = Images.xcassets; sourceTree = "<group>"; };
		239CCEB219C435FB000FD520 /* LeFigaroTests.xctest */ = {isa = PBXFileReference; explicitFileType = wrapper.cfbundle; includeInIndex = 0; path = LeFigaroTests.xctest; sourceTree = BUILT_PRODUCTS_DIR; };
		239CCEB319C435FB000FD520 /* XCTest.framework */ = {isa = PBXFileReference; lastKnownFileType = wrapper.framework; name = XCTest.framework; path = Library/Frameworks/XCTest.framework; sourceTree = DEVELOPER_DIR; };
		239CCEBB19C435FB000FD520 /* LeFigaroTests-Info.plist */ = {isa = PBXFileReference; lastKnownFileType = text.plist.xml; path = "LeFigaroTests-Info.plist"; sourceTree = "<group>"; };
		239CCEBD19C435FB000FD520 /* en */ = {isa = PBXFileReference; lastKnownFileType = text.plist.strings; name = en; path = en.lproj/InfoPlist.strings; sourceTree = "<group>"; };
		239CCEBF19C435FB000FD520 /* LeFigaroTests.m */ = {isa = PBXFileReference; lastKnownFileType = sourcecode.c.objc; path = LeFigaroTests.m; sourceTree = "<group>"; };
		239CCECF19C437B3000FD520 /* ANCategory.h */ = {isa = PBXFileReference; fileEncoding = 4; lastKnownFileType = sourcecode.c.h; path = ANCategory.h; sourceTree = "<group>"; };
		239CCED019C437B3000FD520 /* ANCategory.m */ = {isa = PBXFileReference; fileEncoding = 4; lastKnownFileType = sourcecode.c.objc; path = ANCategory.m; sourceTree = "<group>"; };
		239CCED919C43806000FD520 /* ANAppDelegate.h */ = {isa = PBXFileReference; fileEncoding = 4; lastKnownFileType = sourcecode.c.h; path = ANAppDelegate.h; sourceTree = "<group>"; };
		239CCEDA19C43806000FD520 /* ANAppDelegate.m */ = {isa = PBXFileReference; fileEncoding = 4; lastKnownFileType = sourcecode.c.objc; path = ANAppDelegate.m; sourceTree = "<group>"; };
		239CCEDC19C438F2000FD520 /* ANJSONSerializable.h */ = {isa = PBXFileReference; lastKnownFileType = sourcecode.c.h; path = ANJSONSerializable.h; sourceTree = "<group>"; };
		239CCEDD19C43967000FD520 /* ANApiClient.h */ = {isa = PBXFileReference; fileEncoding = 4; lastKnownFileType = sourcecode.c.h; path = ANApiClient.h; sourceTree = "<group>"; };
		239CCEDE19C43967000FD520 /* ANApiClient.m */ = {isa = PBXFileReference; fileEncoding = 4; lastKnownFileType = sourcecode.c.objc; path = ANApiClient.m; sourceTree = "<group>"; };
		239CCEE019C43A1C000FD520 /* ANConstants.h */ = {isa = PBXFileReference; lastKnownFileType = sourcecode.c.h; path = ANConstants.h; sourceTree = "<group>"; };
		239CCEE419C43E71000FD520 /* ANActivityIndicatorView.xib */ = {isa = PBXFileReference; fileEncoding = 4; lastKnownFileType = file.xib; path = ANActivityIndicatorView.xib; sourceTree = "<group>"; };
		89D5AB91F0BB49F0BEC406BC /* libPods-LeFigaro.a */ = {isa = PBXFileReference; explicitFileType = archive.ar; includeInIndex = 0; path = "libPods-LeFigaro.a"; sourceTree = BUILT_PRODUCTS_DIR; };
		9F89987FD4CF41D382BC2263 /* Pods-LeFigaro.xcconfig */ = {isa = PBXFileReference; includeInIndex = 1; lastKnownFileType = text.xcconfig; name = "Pods-LeFigaro.xcconfig"; path = "Pods/Pods-LeFigaro.xcconfig"; sourceTree = "<group>"; };
/* End PBXFileReference section */

/* Begin PBXFrameworksBuildPhase section */
		239CCE8E19C435FB000FD520 /* Frameworks */ = {
			isa = PBXFrameworksBuildPhase;
			buildActionMask = 2147483647;
			files = (
				239CCE9719C435FB000FD520 /* CoreGraphics.framework in Frameworks */,
				239CCE9919C435FB000FD520 /* UIKit.framework in Frameworks */,
				239CCE9519C435FB000FD520 /* Foundation.framework in Frameworks */,
				5E0C340BBDDB43A9B053B22C /* libPods-LeFigaro.a in Frameworks */,
			);
			runOnlyForDeploymentPostprocessing = 0;
		};
		239CCEAF19C435FB000FD520 /* Frameworks */ = {
			isa = PBXFrameworksBuildPhase;
			buildActionMask = 2147483647;
			files = (
				239CCEB419C435FB000FD520 /* XCTest.framework in Frameworks */,
				239CCEB619C435FB000FD520 /* UIKit.framework in Frameworks */,
				239CCEB519C435FB000FD520 /* Foundation.framework in Frameworks */,
				1B71520667FF4452B92FDEA5 /* libPods-LeFigaro.a in Frameworks */,
			);
			runOnlyForDeploymentPostprocessing = 0;
		};
/* End PBXFrameworksBuildPhase section */

/* Begin PBXGroup section */
		2376300C19CEDCBE0022F349 /* ArticleCell */ = {
			isa = PBXGroup;
			children = (
				2376300D19CEDCBE0022F349 /* ANArticleCell.h */,
				2376300E19CEDCBE0022F349 /* ANArticleCell.m */,
				2376300F19CEDCBE0022F349 /* ANArticleCell.xib */,
			);
			path = ArticleCell;
			sourceTree = "<group>";
		};
		2376301019CEDCBE0022F349 /* CategoryViewCell */ = {
			isa = PBXGroup;
			children = (
				2376301119CEDCBE0022F349 /* ANCategoryViewCell.h */,
				2376301219CEDCBE0022F349 /* ANCategoryViewCell.m */,
				2376301319CEDCBE0022F349 /* ANCategoryViewCell.xib */,
			);
			path = CategoryViewCell;
			sourceTree = "<group>";
		};
		2376301C19CEF29F0022F349 /* ViewControllers */ = {
			isa = PBXGroup;
			children = (
				2376304919CF5D0F0022F349 /* ANViewController.h */,
				2376304A19CF5D0F0022F349 /* ANViewController.m */,
				2376304C19CF603D0022F349 /* ANPageViewController.h */,
				2376304D19CF603D0022F349 /* ANPageViewController.m */,
				2376301D19CEF29F0022F349 /* HomeViewController */,
				2376302619CEF31E0022F349 /* ArticlesViewController */,
			);
			path = ViewControllers;
			sourceTree = "<group>";
		};
		2376301D19CEF29F0022F349 /* HomeViewController */ = {
			isa = PBXGroup;
			children = (
				2376301E19CEF29F0022F349 /* ANHomeViewController.h */,
				2376301F19CEF29F0022F349 /* ANHomeViewController.m */,
				2376304719CF53A00022F349 /* ANHomeViewController.storyboard */,
			);
			path = HomeViewController;
			sourceTree = "<group>";
		};
		2376302619CEF31E0022F349 /* ArticlesViewController */ = {
			isa = PBXGroup;
			children = (
				2376302719CEF31E0022F349 /* ANArticlesViewController.h */,
				2376302819CEF31E0022F349 /* ANArticlesViewController.m */,
				2376302E19CEF5320022F349 /* ANArticlesViewController.storyboard */,
			);
			path = ArticlesViewController;
			sourceTree = "<group>";
		};
		2376303519CF04290022F349 /* ArticleViewCell */ = {
			isa = PBXGroup;
			children = (
				2376303619CF04290022F349 /* ANArticleViewCell.h */,
				2376303719CF04290022F349 /* ANArticleViewCell.m */,
				2376303819CF04290022F349 /* ANArticleViewCell.xib */,
			);
			path = ArticleViewCell;
			sourceTree = "<group>";
		};
		2376305219CF695C0022F349 /* SubCategory */ = {
			isa = PBXGroup;
			children = (
				2376305319CF695C0022F349 /* ANSubCategory.h */,
				2376305419CF695C0022F349 /* ANSubCategory.m */,
			);
			path = SubCategory;
			sourceTree = "<group>";
		};
		2376305519CF695C0022F349 /* Article */ = {
			isa = PBXGroup;
			children = (
				2376305619CF695C0022F349 /* ANArticle.h */,
				2376305719CF695C0022F349 /* ANArticle.m */,
			);
			path = Article;
			sourceTree = "<group>";
		};
		239CCE8819C435FB000FD520 = {
			isa = PBXGroup;
			children = (
				239CCE9A19C435FB000FD520 /* LeFigaro */,
				239CCEB919C435FB000FD520 /* LeFigaroTests */,
				239CCE9319C435FB000FD520 /* Frameworks */,
				239CCE9219C435FB000FD520 /* Products */,
				9F89987FD4CF41D382BC2263 /* Pods-LeFigaro.xcconfig */,
			);
			sourceTree = "<group>";
		};
		239CCE9219C435FB000FD520 /* Products */ = {
			isa = PBXGroup;
			children = (
				239CCE9119C435FB000FD520 /* LeFigaro.app */,
				239CCEB219C435FB000FD520 /* LeFigaroTests.xctest */,
			);
			name = Products;
			sourceTree = "<group>";
		};
		239CCE9319C435FB000FD520 /* Frameworks */ = {
			isa = PBXGroup;
			children = (
				239CCE9419C435FB000FD520 /* Foundation.framework */,
				239CCE9619C435FB000FD520 /* CoreGraphics.framework */,
				239CCE9819C435FB000FD520 /* UIKit.framework */,
				239CCEB319C435FB000FD520 /* XCTest.framework */,
				89D5AB91F0BB49F0BEC406BC /* libPods-LeFigaro.a */,
			);
			name = Frameworks;
			sourceTree = "<group>";
		};
		239CCE9A19C435FB000FD520 /* LeFigaro */ = {
			isa = PBXGroup;
			children = (
				239CCED919C43806000FD520 /* ANAppDelegate.h */,
				239CCEDA19C43806000FD520 /* ANAppDelegate.m */,
				239CCEE019C43A1C000FD520 /* ANConstants.h */,
				239CCEDD19C43967000FD520 /* ANApiClient.h */,
				239CCEDE19C43967000FD520 /* ANApiClient.m */,
				2376304F19CF679B0022F349 /* ANArticleHtmlGenerator.h */,
				2376305019CF679B0022F349 /* ANArticleHtmlGenerator.m */,
				239CCECC19C437B3000FD520 /* Classes */,
				239CCEAC19C435FB000FD520 /* Images.xcassets */,
				239CCE9B19C435FB000FD520 /* Supporting Files */,
			);
			path = LeFigaro;
			sourceTree = "<group>";
		};
		239CCE9B19C435FB000FD520 /* Supporting Files */ = {
			isa = PBXGroup;
			children = (
				239CCE9C19C435FB000FD520 /* LeFigaro-Info.plist */,
				239CCE9D19C435FB000FD520 /* InfoPlist.strings */,
				239CCEA019C435FB000FD520 /* main.m */,
				239CCEA219C435FB000FD520 /* LeFigaro-Prefix.pch */,
			);
			name = "Supporting Files";
			sourceTree = "<group>";
		};
		239CCEB919C435FB000FD520 /* LeFigaroTests */ = {
			isa = PBXGroup;
			children = (
				239CCEBF19C435FB000FD520 /* LeFigaroTests.m */,
				239CCEBA19C435FB000FD520 /* Supporting Files */,
			);
			path = LeFigaroTests;
			sourceTree = "<group>";
		};
		239CCEBA19C435FB000FD520 /* Supporting Files */ = {
			isa = PBXGroup;
			children = (
				239CCEBB19C435FB000FD520 /* LeFigaroTests-Info.plist */,
				239CCEBC19C435FB000FD520 /* InfoPlist.strings */,
			);
			name = "Supporting Files";
			sourceTree = "<group>";
		};
		239CCECC19C437B3000FD520 /* Classes */ = {
			isa = PBXGroup;
			children = (
				2376301C19CEF29F0022F349 /* ViewControllers */,
				239CCECD19C437B3000FD520 /* Models */,
				239CCEE319C43E71000FD520 /* Views */,
				239CCEE919C47527000FD520 /* Cells */,
			);
			path = Classes;
			sourceTree = "<group>";
		};
		239CCECD19C437B3000FD520 /* Models */ = {
			isa = PBXGroup;
			children = (
				239CCECE19C437B3000FD520 /* Category */,
				2376305219CF695C0022F349 /* SubCategory */,
				2376305519CF695C0022F349 /* Article */,
				239CCEDC19C438F2000FD520 /* ANJSONSerializable.h */,
			);
			path = Models;
			sourceTree = "<group>";
		};
		239CCECE19C437B3000FD520 /* Category */ = {
			isa = PBXGroup;
			children = (
				239CCECF19C437B3000FD520 /* ANCategory.h */,
				239CCED019C437B3000FD520 /* ANCategory.m */,
			);
			path = Category;
			sourceTree = "<group>";
		};
		239CCEE319C43E71000FD520 /* Views */ = {
			isa = PBXGroup;
			children = (
				239CCEE419C43E71000FD520 /* ANActivityIndicatorView.xib */,
			);
			path = Views;
			sourceTree = "<group>";
		};
		239CCEE919C47527000FD520 /* Cells */ = {
			isa = PBXGroup;
			children = (
				2376303519CF04290022F349 /* ArticleViewCell */,
				2376300C19CEDCBE0022F349 /* ArticleCell */,
				2376301019CEDCBE0022F349 /* CategoryViewCell */,
			);
			path = Cells;
			sourceTree = "<group>";
		};
/* End PBXGroup section */

/* Begin PBXNativeTarget section */
		239CCE9019C435FB000FD520 /* LeFigaro */ = {
			isa = PBXNativeTarget;
			buildConfigurationList = 239CCEC319C435FB000FD520 /* Build configuration list for PBXNativeTarget "LeFigaro" */;
			buildPhases = (
				449F15129BAA4E0CAE1D3CB5 /* Check Pods Manifest.lock */,
				239CCE8D19C435FB000FD520 /* Sources */,
				239CCE8E19C435FB000FD520 /* Frameworks */,
				239CCE8F19C435FB000FD520 /* Resources */,
				BCE382F2985747199B97853C /* Copy Pods Resources */,
			);
			buildRules = (
			);
			dependencies = (
			);
			name = LeFigaro;
			productName = LeFigaro;
			productReference = 239CCE9119C435FB000FD520 /* LeFigaro.app */;
			productType = "com.apple.product-type.application";
		};
		239CCEB119C435FB000FD520 /* LeFigaroTests */ = {
			isa = PBXNativeTarget;
			buildConfigurationList = 239CCEC619C435FB000FD520 /* Build configuration list for PBXNativeTarget "LeFigaroTests" */;
			buildPhases = (
				9D1D82E154934E2CB1091F46 /* Check Pods Manifest.lock */,
				239CCEAE19C435FB000FD520 /* Sources */,
				239CCEAF19C435FB000FD520 /* Frameworks */,
				239CCEB019C435FB000FD520 /* Resources */,
				C927AC70F8204518BDA9A4AB /* Copy Pods Resources */,
			);
			buildRules = (
			);
			dependencies = (
				239CCEB819C435FB000FD520 /* PBXTargetDependency */,
			);
			name = LeFigaroTests;
			productName = LeFigaroTests;
			productReference = 239CCEB219C435FB000FD520 /* LeFigaroTests.xctest */;
			productType = "com.apple.product-type.bundle.unit-test";
		};
/* End PBXNativeTarget section */

/* Begin PBXProject section */
		239CCE8919C435FB000FD520 /* Project object */ = {
			isa = PBXProject;
			attributes = {
				CLASSPREFIX = AN;
				LastUpgradeCheck = 0510;
				ORGANIZATIONNAME = antrix1989;
				TargetAttributes = {
					239CCEB119C435FB000FD520 = {
						TestTargetID = 239CCE9019C435FB000FD520;
					};
				};
			};
			buildConfigurationList = 239CCE8C19C435FB000FD520 /* Build configuration list for PBXProject "LeFigaro" */;
			compatibilityVersion = "Xcode 3.2";
			developmentRegion = English;
			hasScannedForEncodings = 0;
			knownRegions = (
				en,
				Base,
			);
			mainGroup = 239CCE8819C435FB000FD520;
			productRefGroup = 239CCE9219C435FB000FD520 /* Products */;
			projectDirPath = "";
			projectRoot = "";
			targets = (
				239CCE9019C435FB000FD520 /* LeFigaro */,
				239CCEB119C435FB000FD520 /* LeFigaroTests */,
			);
		};
/* End PBXProject section */

/* Begin PBXResourcesBuildPhase section */
		239CCE8F19C435FB000FD520 /* Resources */ = {
			isa = PBXResourcesBuildPhase;
			buildActionMask = 2147483647;
			files = (
				2376301519CEDCBE0022F349 /* ANArticleCell.xib in Resources */,
				239CCEE519C43E71000FD520 /* ANActivityIndicatorView.xib in Resources */,
				239CCEAD19C435FB000FD520 /* Images.xcassets in Resources */,
				2376301719CEDCBE0022F349 /* ANCategoryViewCell.xib in Resources */,
				2376303A19CF04290022F349 /* ANArticleViewCell.xib in Resources */,
				2376304819CF53A00022F349 /* ANHomeViewController.storyboard in Resources */,
				239CCE9F19C435FB000FD520 /* InfoPlist.strings in Resources */,
				2376302F19CEF5320022F349 /* ANArticlesViewController.storyboard in Resources */,
			);
			runOnlyForDeploymentPostprocessing = 0;
		};
		239CCEB019C435FB000FD520 /* Resources */ = {
			isa = PBXResourcesBuildPhase;
			buildActionMask = 2147483647;
			files = (
				239CCEBE19C435FB000FD520 /* InfoPlist.strings in Resources */,
			);
			runOnlyForDeploymentPostprocessing = 0;
		};
/* End PBXResourcesBuildPhase section */

/* Begin PBXShellScriptBuildPhase section */
		449F15129BAA4E0CAE1D3CB5 /* Check Pods Manifest.lock */ = {
			isa = PBXShellScriptBuildPhase;
			buildActionMask = 2147483647;
			files = (
			);
			inputPaths = (
			);
			name = "Check Pods Manifest.lock";
			outputPaths = (
			);
			runOnlyForDeploymentPostprocessing = 0;
			shellPath = /bin/sh;
			shellScript = "diff \"${PODS_ROOT}/../Podfile.lock\" \"${PODS_ROOT}/Manifest.lock\" > /dev/null\nif [[ $? != 0 ]] ; then\n    cat << EOM\nerror: The sandbox is not in sync with the Podfile.lock. Run 'pod install' or update your CocoaPods installation.\nEOM\n    exit 1\nfi\n";
			showEnvVarsInLog = 0;
		};
		9D1D82E154934E2CB1091F46 /* Check Pods Manifest.lock */ = {
			isa = PBXShellScriptBuildPhase;
			buildActionMask = 2147483647;
			files = (
			);
			inputPaths = (
			);
			name = "Check Pods Manifest.lock";
			outputPaths = (
			);
			runOnlyForDeploymentPostprocessing = 0;
			shellPath = /bin/sh;
			shellScript = "diff \"${PODS_ROOT}/../Podfile.lock\" \"${PODS_ROOT}/Manifest.lock\" > /dev/null\nif [[ $? != 0 ]] ; then\n    cat << EOM\nerror: The sandbox is not in sync with the Podfile.lock. Run 'pod install' or update your CocoaPods installation.\nEOM\n    exit 1\nfi\n";
			showEnvVarsInLog = 0;
		};
		BCE382F2985747199B97853C /* Copy Pods Resources */ = {
			isa = PBXShellScriptBuildPhase;
			buildActionMask = 2147483647;
			files = (
			);
			inputPaths = (
			);
			name = "Copy Pods Resources";
			outputPaths = (
			);
			runOnlyForDeploymentPostprocessing = 0;
			shellPath = /bin/sh;
			shellScript = "\"${SRCROOT}/Pods/Pods-LeFigaro-resources.sh\"\n";
			showEnvVarsInLog = 0;
		};
		C927AC70F8204518BDA9A4AB /* Copy Pods Resources */ = {
			isa = PBXShellScriptBuildPhase;
			buildActionMask = 2147483647;
			files = (
			);
			inputPaths = (
			);
			name = "Copy Pods Resources";
			outputPaths = (
			);
			runOnlyForDeploymentPostprocessing = 0;
			shellPath = /bin/sh;
			shellScript = "\"${SRCROOT}/Pods/Pods-LeFigaro-resources.sh\"\n";
			showEnvVarsInLog = 0;
		};
/* End PBXShellScriptBuildPhase section */

/* Begin PBXSourcesBuildPhase section */
		239CCE8D19C435FB000FD520 /* Sources */ = {
			isa = PBXSourcesBuildPhase;
			buildActionMask = 2147483647;
			files = (
				2376303919CF04290022F349 /* ANArticleViewCell.m in Sources */,
				239CCEDF19C43967000FD520 /* ANApiClient.m in Sources */,
				2376304E19CF603D0022F349 /* ANPageViewController.m in Sources */,
				2376305119CF679B0022F349 /* ANArticleHtmlGenerator.m in Sources */,
				239CCED619C437B3000FD520 /* ANCategory.m in Sources */,
				2376302019CEF29F0022F349 /* ANHomeViewController.m in Sources */,
				239CCEDB19C43806000FD520 /* ANAppDelegate.m in Sources */,
				2376305919CF695C0022F349 /* ANArticle.m in Sources */,
				239CCEA119C435FB000FD520 /* main.m in Sources */,
				2376304B19CF5D0F0022F349 /* ANViewController.m in Sources */,
				2376301419CEDCBE0022F349 /* ANArticleCell.m in Sources */,
				2376302A19CEF31E0022F349 /* ANArticlesViewController.m in Sources */,
				2376301619CEDCBE0022F349 /* ANCategoryViewCell.m in Sources */,
				2376305819CF695C0022F349 /* ANSubCategory.m in Sources */,
			);
			runOnlyForDeploymentPostprocessing = 0;
		};
		239CCEAE19C435FB000FD520 /* Sources */ = {
			isa = PBXSourcesBuildPhase;
			buildActionMask = 2147483647;
			files = (
				239CCEC019C435FB000FD520 /* LeFigaroTests.m in Sources */,
			);
			runOnlyForDeploymentPostprocessing = 0;
		};
/* End PBXSourcesBuildPhase section */

/* Begin PBXTargetDependency section */
		239CCEB819C435FB000FD520 /* PBXTargetDependency */ = {
			isa = PBXTargetDependency;
			target = 239CCE9019C435FB000FD520 /* LeFigaro */;
			targetProxy = 239CCEB719C435FB000FD520 /* PBXContainerItemProxy */;
		};
/* End PBXTargetDependency section */

/* Begin PBXVariantGroup section */
		239CCE9D19C435FB000FD520 /* InfoPlist.strings */ = {
			isa = PBXVariantGroup;
			children = (
				239CCE9E19C435FB000FD520 /* en */,
			);
			name = InfoPlist.strings;
			sourceTree = "<group>";
		};
		239CCEBC19C435FB000FD520 /* InfoPlist.strings */ = {
			isa = PBXVariantGroup;
			children = (
				239CCEBD19C435FB000FD520 /* en */,
			);
			name = InfoPlist.strings;
			sourceTree = "<group>";
		};
/* End PBXVariantGroup section */

/* Begin XCBuildConfiguration section */
		239CCEC119C435FB000FD520 /* Debug */ = {
			isa = XCBuildConfiguration;
			buildSettings = {
				ALWAYS_SEARCH_USER_PATHS = NO;
				CLANG_CXX_LANGUAGE_STANDARD = "gnu++0x";
				CLANG_CXX_LIBRARY = "libc++";
				CLANG_ENABLE_MODULES = YES;
				CLANG_ENABLE_OBJC_ARC = YES;
				CLANG_WARN_BOOL_CONVERSION = YES;
				CLANG_WARN_CONSTANT_CONVERSION = YES;
				CLANG_WARN_DIRECT_OBJC_ISA_USAGE = YES_ERROR;
				CLANG_WARN_EMPTY_BODY = YES;
				CLANG_WARN_ENUM_CONVERSION = YES;
				CLANG_WARN_INT_CONVERSION = YES;
				CLANG_WARN_OBJC_ROOT_CLASS = YES_ERROR;
				CLANG_WARN__DUPLICATE_METHOD_MATCH = YES;
				"CODE_SIGN_IDENTITY[sdk=iphoneos*]" = "iPhone Developer";
				COPY_PHASE_STRIP = NO;
				GCC_C_LANGUAGE_STANDARD = gnu99;
				GCC_DYNAMIC_NO_PIC = NO;
				GCC_OPTIMIZATION_LEVEL = 0;
				GCC_PREPROCESSOR_DEFINITIONS = (
					"DEBUG=1",
					"$(inherited)",
				);
				GCC_SYMBOLS_PRIVATE_EXTERN = NO;
				GCC_WARN_64_TO_32_BIT_CONVERSION = YES;
				GCC_WARN_ABOUT_RETURN_TYPE = YES_ERROR;
				GCC_WARN_UNDECLARED_SELECTOR = YES;
				GCC_WARN_UNINITIALIZED_AUTOS = YES_AGGRESSIVE;
				GCC_WARN_UNUSED_FUNCTION = YES;
				GCC_WARN_UNUSED_VARIABLE = YES;
				IPHONEOS_DEPLOYMENT_TARGET = 7.1;
				ONLY_ACTIVE_ARCH = YES;
				SDKROOT = iphoneos;
			};
			name = Debug;
		};
		239CCEC219C435FB000FD520 /* Release */ = {
			isa = XCBuildConfiguration;
			buildSettings = {
				ALWAYS_SEARCH_USER_PATHS = NO;
				CLANG_CXX_LANGUAGE_STANDARD = "gnu++0x";
				CLANG_CXX_LIBRARY = "libc++";
				CLANG_ENABLE_MODULES = YES;
				CLANG_ENABLE_OBJC_ARC = YES;
				CLANG_WARN_BOOL_CONVERSION = YES;
				CLANG_WARN_CONSTANT_CONVERSION = YES;
				CLANG_WARN_DIRECT_OBJC_ISA_USAGE = YES_ERROR;
				CLANG_WARN_EMPTY_BODY = YES;
				CLANG_WARN_ENUM_CONVERSION = YES;
				CLANG_WARN_INT_CONVERSION = YES;
				CLANG_WARN_OBJC_ROOT_CLASS = YES_ERROR;
				CLANG_WARN__DUPLICATE_METHOD_MATCH = YES;
				"CODE_SIGN_IDENTITY[sdk=iphoneos*]" = "iPhone Developer";
				COPY_PHASE_STRIP = YES;
				ENABLE_NS_ASSERTIONS = NO;
				GCC_C_LANGUAGE_STANDARD = gnu99;
				GCC_WARN_64_TO_32_BIT_CONVERSION = YES;
				GCC_WARN_ABOUT_RETURN_TYPE = YES_ERROR;
				GCC_WARN_UNDECLARED_SELECTOR = YES;
				GCC_WARN_UNINITIALIZED_AUTOS = YES_AGGRESSIVE;
				GCC_WARN_UNUSED_FUNCTION = YES;
				GCC_WARN_UNUSED_VARIABLE = YES;
				IPHONEOS_DEPLOYMENT_TARGET = 7.1;
				SDKROOT = iphoneos;
				VALIDATE_PRODUCT = YES;
			};
			name = Release;
		};
		239CCEC419C435FB000FD520 /* Debug */ = {
			isa = XCBuildConfiguration;
			baseConfigurationReference = 9F89987FD4CF41D382BC2263 /* Pods-LeFigaro.xcconfig */;
			buildSettings = {
				ASSETCATALOG_COMPILER_APPICON_NAME = AppIcon;
				ASSETCATALOG_COMPILER_LAUNCHIMAGE_NAME = LaunchImage;
				GCC_PRECOMPILE_PREFIX_HEADER = YES;
				GCC_PREFIX_HEADER = "LeFigaro/LeFigaro-Prefix.pch";
				INFOPLIST_FILE = "LeFigaro/LeFigaro-Info.plist";
				PRODUCT_NAME = "$(TARGET_NAME)";
				WRAPPER_EXTENSION = app;
			};
			name = Debug;
		};
		239CCEC519C435FB000FD520 /* Release */ = {
			isa = XCBuildConfiguration;
			baseConfigurationReference = 9F89987FD4CF41D382BC2263 /* Pods-LeFigaro.xcconfig */;
			buildSettings = {
				ASSETCATALOG_COMPILER_APPICON_NAME = AppIcon;
				ASSETCATALOG_COMPILER_LAUNCHIMAGE_NAME = LaunchImage;
				GCC_PRECOMPILE_PREFIX_HEADER = YES;
				GCC_PREFIX_HEADER = "LeFigaro/LeFigaro-Prefix.pch";
				INFOPLIST_FILE = "LeFigaro/LeFigaro-Info.plist";
				PRODUCT_NAME = "$(TARGET_NAME)";
				WRAPPER_EXTENSION = app;
			};
			name = Release;
		};
		239CCEC719C435FB000FD520 /* Debug */ = {
			isa = XCBuildConfiguration;
			baseConfigurationReference = 9F89987FD4CF41D382BC2263 /* Pods-LeFigaro.xcconfig */;
			buildSettings = {
				BUNDLE_LOADER = "$(BUILT_PRODUCTS_DIR)/LeFigaro.app/LeFigaro";
				FRAMEWORK_SEARCH_PATHS = (
					"$(SDKROOT)/Developer/Library/Frameworks",
					"$(inherited)",
					"$(DEVELOPER_FRAMEWORKS_DIR)",
				);
				GCC_PRECOMPILE_PREFIX_HEADER = YES;
				GCC_PREFIX_HEADER = "LeFigaro/LeFigaro-Prefix.pch";
				GCC_PREPROCESSOR_DEFINITIONS = (
					"DEBUG=1",
					"$(inherited)",
				);
				INFOPLIST_FILE = "LeFigaroTests/LeFigaroTests-Info.plist";
				PRODUCT_NAME = "$(TARGET_NAME)";
				TEST_HOST = "$(BUNDLE_LOADER)";
				WRAPPER_EXTENSION = xctest;
			};
			name = Debug;
		};
		239CCEC819C435FB000FD520 /* Release */ = {
			isa = XCBuildConfiguration;
			baseConfigurationReference = 9F89987FD4CF41D382BC2263 /* Pods-LeFigaro.xcconfig */;
			buildSettings = {
				BUNDLE_LOADER = "$(BUILT_PRODUCTS_DIR)/LeFigaro.app/LeFigaro";
				FRAMEWORK_SEARCH_PATHS = (
					"$(SDKROOT)/Developer/Library/Frameworks",
					"$(inherited)",
					"$(DEVELOPER_FRAMEWORKS_DIR)",
				);
				GCC_PRECOMPILE_PREFIX_HEADER = YES;
				GCC_PREFIX_HEADER = "LeFigaro/LeFigaro-Prefix.pch";
				INFOPLIST_FILE = "LeFigaroTests/LeFigaroTests-Info.plist";
				PRODUCT_NAME = "$(TARGET_NAME)";
				TEST_HOST = "$(BUNDLE_LOADER)";
				WRAPPER_EXTENSION = xctest;
			};
			name = Release;
		};
/* End XCBuildConfiguration section */

/* Begin XCConfigurationList section */
		239CCE8C19C435FB000FD520 /* Build configuration list for PBXProject "LeFigaro" */ = {
			isa = XCConfigurationList;
			buildConfigurations = (
				239CCEC119C435FB000FD520 /* Debug */,
				239CCEC219C435FB000FD520 /* Release */,
			);
			defaultConfigurationIsVisible = 0;
			defaultConfigurationName = Release;
		};
		239CCEC319C435FB000FD520 /* Build configuration list for PBXNativeTarget "LeFigaro" */ = {
			isa = XCConfigurationList;
			buildConfigurations = (
				239CCEC419C435FB000FD520 /* Debug */,
				239CCEC519C435FB000FD520 /* Release */,
			);
			defaultConfigurationIsVisible = 0;
			defaultConfigurationName = Release;
		};
		239CCEC619C435FB000FD520 /* Build configuration list for PBXNativeTarget "LeFigaroTests" */ = {
			isa = XCConfigurationList;
			buildConfigurations = (
				239CCEC719C435FB000FD520 /* Debug */,
				239CCEC819C435FB000FD520 /* Release */,
			);
			defaultConfigurationIsVisible = 0;
			defaultConfigurationName = Release;
		};
/* End XCConfigurationList section */
	};
	rootObject = 239CCE8919C435FB000FD520 /* Project object */;
}
